
Microsoft Visual Studio Solution File, Format Version 12.00
# Visual Studio 15
VisualStudioVersion = 15.0.28307.1259
MinimumVisualStudioVersion = 10.0.40219.1
Project("{8BC9CEB8-8B4A-11D0-8D11-00A0C91BC942}") = "cuda_raytracing", "cuda_raytracing\cuda_raytracing.vcxproj", "{3C011A58-16C6-475C-8DB5-CC8BA8A64567}"
EndProject
Global
	GlobalSection(SolutionConfigurationPlatforms) = preSolution
		Debug|Win32 = Debug|Win32
		Debug|x64 = Debug|x64
		Debug|x86 = Debug|x86
		Release|Win32 = Release|Win32
		Release|x64 = Release|x64
		Release|x86 = Release|x86
	EndGlobalSection
	GlobalSection(ProjectConfigurationPlatforms) = postSolution
		{3C011A58-16C6-475C-8DB5-CC8BA8A64567}.Debug|Win32.ActiveCfg = Debug|Win32
		{3C011A58-16C6-475C-8DB5-CC8BA8A64567}.Debug|Win32.Build.0 = Debug|Win32
		{3C011A58-16C6-475C-8DB5-CC8BA8A64567}.Debug|x64.ActiveCfg = Debug|x64
		{3C011A58-16C6-475C-8DB5-CC8BA8A64567}.Debug|x64.Build.0 = Debug|x64
		{3C011A58-16C6-475C-8DB5-CC8BA8A64567}.Debug|x86.ActiveCfg = Debug|Win32
		{3C011A58-16C6-475C-8DB5-CC8BA8A64567}.Debug|x86.Build.0 = Debug|Win32
		{3C011A58-16C6-475C-8DB5-CC8BA8A64567}.Release|Win32.ActiveCfg = Release|Win32
		{3C011A58-16C6-475C-8DB5-CC8BA8A64567}.Release|Win32.Build.0 = Release|Win32
		{3C011A58-16C6-475C-8DB5-CC8BA8A64567}.Release|x64.ActiveCfg = Release|x64
		{3C011A58-16C6-475C-8DB5-CC8BA8A64567}.Release|x64.Build.0 = Release|x64
		{3C011A58-16C6-475C-8DB5-CC8BA8A64567}.Release|x86.ActiveCfg = Release|Win32
		{3C011A58-16C6-475C-8DB5-CC8BA8A64567}.Release|x86.Build.0 = Release|Win32
	EndGlobalSection
	GlobalSection(SolutionProperties) = preSolution
		HideSolutionNode = FALSE
	EndGlobalSection
	GlobalSection(ExtensibilityGlobals) = postSolution
		SolutionGuid = {9EFF79A9-BB8D-4FD3-BF52-92F42828A543}
	EndGlobalSection
EndGlobal
